
Microsoft Visual Studio Solution File, Format Version 12.00
# Visual Studio Version 17
VisualStudioVersion = 17.8.34330.188
MinimumVisualStudioVersion = 10.0.40219.1
Project("{9A19103F-16F7-4668-BE54-9A1E7A4F7556}") = "ConsoleClient", "ConsoleClient\ConsoleClient.csproj", "{D9B0AE0A-946A-40B5-9BBF-E7479BAC2E5E}"
EndProject
Project("{9A19103F-16F7-4668-BE54-9A1E7A4F7556}") = "API", "API\API.csproj", "{078D442B-CDB7-4553-992C-A532A07F1E93}"
EndProject
Project("{9A19103F-16F7-4668-BE54-9A1E7A4F7556}") = "BlazorClient", "BlazorClient\BlazorClient.csproj", "{6A998784-A26A-4672-95E0-09576B028413}"
EndProject
Global
	GlobalSection(SolutionConfigurationPlatforms) = preSolution
		Debug|Any CPU = Debug|Any CPU
		Release|Any CPU = Release|Any CPU
	EndGlobalSection
	GlobalSection(ProjectConfigurationPlatforms) = postSolution
		{D9B0AE0A-946A-40B5-9BBF-E7479BAC2E5E}.Debug|Any CPU.ActiveCfg = Debug|Any CPU
		{D9B0AE0A-946A-40B5-9BBF-E7479BAC2E5E}.Debug|Any CPU.Build.0 = Debug|Any CPU
		{D9B0AE0A-946A-40B5-9BBF-E7479BAC2E5E}.Release|Any CPU.ActiveCfg = Release|Any CPU
		{D9B0AE0A-946A-40B5-9BBF-E7479BAC2E5E}.Release|Any CPU.Build.0 = Release|Any CPU
		{078D442B-CDB7-4553-992C-A532A07F1E93}.Debug|Any CPU.ActiveCfg = Debug|Any CPU
		{078D442B-CDB7-4553-992C-A532A07F1E93}.Debug|Any CPU.Build.0 = Debug|Any CPU
		{078D442B-CDB7-4553-992C-A532A07F1E93}.Release|Any CPU.ActiveCfg = Release|Any CPU
		{078D442B-CDB7-4553-992C-A532A07F1E93}.Release|Any CPU.Build.0 = Release|Any CPU
		{6A998784-A26A-4672-95E0-09576B028413}.Debug|Any CPU.ActiveCfg = Debug|Any CPU
		{6A998784-A26A-4672-95E0-09576B028413}.Debug|Any CPU.Build.0 = Debug|Any CPU
		{6A998784-A26A-4672-95E0-09576B028413}.Release|Any CPU.ActiveCfg = Release|Any CPU
		{6A998784-A26A-4672-95E0-09576B028413}.Release|Any CPU.Build.0 = Release|Any CPU
	EndGlobalSection
	GlobalSection(SolutionProperties) = preSolution
		HideSolutionNode = FALSE
	EndGlobalSection
	GlobalSection(ExtensibilityGlobals) = postSolution
		SolutionGuid = {AF10B331-D9D7-48BC-9CDE-7948D939B29D}
	EndGlobalSection
EndGlobal
